{
  "name": "@writetome51/get-countup-countdown",
  "version": "2.0.0",
  "lockfileVersion": 1,
  "requires": true,
  "dependencies": {
    "@writetome51/arrays-match": {
      "version": "2.0.0",
      "resolved": "https://registry.npmjs.org/@writetome51/arrays-match/-/arrays-match-2.0.0.tgz",
      "integrity": "sha512-SRoAu1jzJn5jFo7yP8aZm1QwprgtXkAADln5cD187SYHBwb6LWmPSNxDW2KmmfTL2E0jq39JjbpfLPti+hW7Dw==",
      "dev": true,
      "requires": {
        "@writetome51/is-array-not-array": "^2.0.0",
        "@writetome51/is-empty-not-empty": "^2.0.0",
        "error-if-values-are-not-arrays": "^2.0.0"
      }
    },
    "@writetome51/is-array-not-array": {
      "version": "2.0.0",
      "resolved": "https://registry.npmjs.org/@writetome51/is-array-not-array/-/is-array-not-array-2.0.0.tgz",
      "integrity": "sha512-IVc3BgxLuBsSPzteYbwpgOYyqP0DjpIMsPbjSOrCeMAGvJhojLBiBkw/I70faMs6iuPalOklfGm60XcRU7aZ3g==",
      "dev": true
    },
    "@writetome51/is-empty-not-empty": {
      "version": "2.0.0",
      "resolved": "https://registry.npmjs.org/@writetome51/is-empty-not-empty/-/is-empty-not-empty-2.0.0.tgz",
      "integrity": "sha512-BeC0sHRtRRC//2StBt94nQykjvJ1xLDsdt16QPXSwma4iTCTt/H4FReok6kw591AI2w9WiULlH8bT8qkPBoRrw==",
      "dev": true,
      "requires": {
        "error-if-not-integer": "^2.0.0"
      }
    },
    "@writetome51/is-finite-number": {
      "version": "2.0.0",
      "resolved": "https://registry.npmjs.org/@writetome51/is-finite-number/-/is-finite-number-2.0.0.tgz",
      "integrity": "sha512-mVQxcMuSjRZvG2MxM4KFerGLNuhaeoVR7vC6itSnx/DNTENm0YHPNqh4E7FqjMt94pnis/iwhSnSpKouf88CDA==",
      "dev": true
    },
    "@writetome51/is-integer-is-float": {
      "version": "2.0.0",
      "resolved": "https://registry.npmjs.org/@writetome51/is-integer-is-float/-/is-integer-is-float-2.0.0.tgz",
      "integrity": "sha512-5SbWU1X1mAqm4expj+/g0+j5oQojH0JTa9uDwALpsZHgZZ2wkRGwqI0pvWLAw1BVCOWhPycC1AMjGCj/ZnfN0g==",
      "dev": true,
      "requires": {
        "@writetome51/is-finite-number": "^2.0.0"
      }
    },
    "error-if-not-array": {
      "version": "2.0.0",
      "resolved": "https://registry.npmjs.org/error-if-not-array/-/error-if-not-array-2.0.0.tgz",
      "integrity": "sha512-kBAYpWy9xGjELgGqmS2QPbRJPXfacAxBwgitXIwMEglY0p3C2p4++sf3uDszXaDoy4cwgGrFj+FkthsxQFh/ag==",
      "dev": true
    },
    "error-if-not-finite-number": {
      "version": "2.0.0",
      "resolved": "https://registry.npmjs.org/error-if-not-finite-number/-/error-if-not-finite-number-2.0.0.tgz",
      "integrity": "sha512-CBxJ+SqnHf1uVCQ9v8777aEC6UxQ3NNoSjDrOgr3iaT9m7LxUf9vFwKBPONTLfGnWFVCirH6KdHNTI2+4lT8cQ==",
      "dev": true,
      "requires": {
        "@writetome51/is-finite-number": "^2.0.0"
      }
    },
    "error-if-not-integer": {
      "version": "2.0.0",
      "resolved": "https://registry.npmjs.org/error-if-not-integer/-/error-if-not-integer-2.0.0.tgz",
      "integrity": "sha512-jCDTtwK4fZVn0DNJKXYCynF/B+AUG9Ge3snFw4fq2nYzT1c1uTeWvPDXxRT4OKpNjIeOUhxzJmqb4KLwLETjQg==",
      "dev": true,
      "requires": {
        "@writetome51/is-integer-is-float": "^2.0.0",
        "error-if-not-finite-number": "^2.0.0"
      }
    },
    "error-if-values-are-not-arrays": {
      "version": "2.0.0",
      "resolved": "https://registry.npmjs.org/error-if-values-are-not-arrays/-/error-if-values-are-not-arrays-2.0.0.tgz",
      "integrity": "sha512-AYOwGGJGQOBsE3h7LZbXBMvuK6F0AIWSp/l3rLhrPXtsSxPS4nIZijneojjUEGZlOOU28tApT2DVY/k5tiqbtQ==",
      "dev": true,
      "requires": {
        "error-if-not-array": "^2.0.0"
      }
    }
  }
}
