{
  "name": "@writetome51/get-countup-countdown",
  "version": "2.0.0",
  "lockfileVersion": 1,
  "requires": true,
  "dependencies": {
    "@arr/every": {
      "version": "1.0.1",
      "resolved": "https://registry.npmjs.org/@arr/every/-/every-1.0.1.tgz",
      "integrity": "sha512-UQFQ6SgyJ6LX42W8rHCs8KVc0JS0tzVL9ct4XYedJukskYVWTo49tNiMEK9C2HTyarbNiT/RVIRSY82vH+6sTg==",
      "dev": true
    },
    "@writetome51/arrays-match": {
      "version": "2.0.1",
      "resolved": "https://registry.npmjs.org/@writetome51/arrays-match/-/arrays-match-2.0.1.tgz",
      "integrity": "sha512-JGaTMqqvhVyRPQQpK1Ks+3jlLMb3nXpxnSCul5UwXIy88SG6bXw8/oq+SsX+MsjqiUlub6oLNIg4r889rluBOw==",
      "dev": true,
      "requires": {
        "@arr/every": "^1.0.1",
        "@writetome51/is-array-not-array": "^2.0.0",
        "@writetome51/is-empty-not-empty": "^2.0.1",
        "error-if-values-are-not-arrays": "^2.0.1"
      }
    },
    "@writetome51/get-arr-filled": {
      "version": "0.0.2",
      "resolved": "https://registry.npmjs.org/@writetome51/get-arr-filled/-/get-arr-filled-0.0.2.tgz",
      "integrity": "sha512-w2FPc2N+qGHr6mNQsOkuv+3sBvv03Ki5LeIW1Vq5A/mba4E1VrdjrwA7pAwkd6stcsuMqlI3+wrcjJ4usAQaSw=="
    },
    "@writetome51/is-array-not-array": {
      "version": "2.0.0",
      "resolved": "https://registry.npmjs.org/@writetome51/is-array-not-array/-/is-array-not-array-2.0.0.tgz",
      "integrity": "sha512-IVc3BgxLuBsSPzteYbwpgOYyqP0DjpIMsPbjSOrCeMAGvJhojLBiBkw/I70faMs6iuPalOklfGm60XcRU7aZ3g==",
      "dev": true
    },
    "@writetome51/is-empty-not-empty": {
      "version": "2.0.1",
      "resolved": "https://registry.npmjs.org/@writetome51/is-empty-not-empty/-/is-empty-not-empty-2.0.1.tgz",
      "integrity": "sha512-wpB7AUlNywDhEjlsZZNRBAsp+55458Ot6A7tcr8maAR9+6YS62hYFapn/Ko6jjF9P4FlDKlrMyEPiGnF8b1rbQ==",
      "dev": true,
      "requires": {
        "error-if-not-finite-number": "^2.0.0"
      }
    },
    "@writetome51/is-finite-number": {
      "version": "2.0.0",
      "resolved": "https://registry.npmjs.org/@writetome51/is-finite-number/-/is-finite-number-2.0.0.tgz",
      "integrity": "sha512-mVQxcMuSjRZvG2MxM4KFerGLNuhaeoVR7vC6itSnx/DNTENm0YHPNqh4E7FqjMt94pnis/iwhSnSpKouf88CDA==",
      "dev": true
    },
    "error-if-not-array": {
      "version": "2.0.0",
      "resolved": "https://registry.npmjs.org/error-if-not-array/-/error-if-not-array-2.0.0.tgz",
      "integrity": "sha512-kBAYpWy9xGjELgGqmS2QPbRJPXfacAxBwgitXIwMEglY0p3C2p4++sf3uDszXaDoy4cwgGrFj+FkthsxQFh/ag==",
      "dev": true
    },
    "error-if-not-finite-number": {
      "version": "2.0.0",
      "resolved": "https://registry.npmjs.org/error-if-not-finite-number/-/error-if-not-finite-number-2.0.0.tgz",
      "integrity": "sha512-CBxJ+SqnHf1uVCQ9v8777aEC6UxQ3NNoSjDrOgr3iaT9m7LxUf9vFwKBPONTLfGnWFVCirH6KdHNTI2+4lT8cQ==",
      "dev": true,
      "requires": {
        "@writetome51/is-finite-number": "^2.0.0"
      }
    },
    "error-if-values-are-not-arrays": {
      "version": "2.0.1",
      "resolved": "https://registry.npmjs.org/error-if-values-are-not-arrays/-/error-if-values-are-not-arrays-2.0.1.tgz",
      "integrity": "sha512-DiK9y6+4toBSg1glPr0yTkI7SfaFo4FCVyNuLaKLuuH++z10XnVE/zV2m+sAw1QWL7RlhxFJU1/SnkwFWker7g==",
      "dev": true,
      "requires": {
        "error-if-not-array": "^2.0.0"
      }
    }
  }
}
